// !$*UTF8*$!
{
	archiveVersion = 1;
	classes = {
	};
	objectVersion = 56;
	objects = {

/* Begin PBXBuildFile section */
		0010B0772B5A15DD0006A406 /* ChessListView.swift in Sources */ = {isa = PBXBuildFile; fileRef = 0010B0762B5A15DD0006A406 /* ChessListView.swift */; };
		0010B0792B5A16350006A406 /* ViewModel.swift in Sources */ = {isa = PBXBuildFile; fileRef = 0010B0782B5A16350006A406 /* ViewModel.swift */; };
		0028E4702B56D7DA00C9880B /* RealityKitContent in Frameworks */ = {isa = PBXBuildFile; productRef = 0028E46F2B56D7DA00C9880B /* RealityKitContent */; };
		0028E4722B56D7DA00C9880B /* ChessApp.swift in Sources */ = {isa = PBXBuildFile; fileRef = 0028E4712B56D7DA00C9880B /* ChessApp.swift */; };
		0028E4742B56D7DA00C9880B /* ChessPlayerView.swift in Sources */ = {isa = PBXBuildFile; fileRef = 0028E4732B56D7DA00C9880B /* ChessPlayerView.swift */; };
		0028E4762B56D7DA00C9880B /* ImmersiveView.swift in Sources */ = {isa = PBXBuildFile; fileRef = 0028E4752B56D7DA00C9880B /* ImmersiveView.swift */; };
		0028E4782B56D7DA00C9880B /* ImageBasedLighting.skybox in Resources */ = {isa = PBXBuildFile; fileRef = 0028E4772B56D7DA00C9880B /* ImageBasedLighting.skybox */; };
		0028E47A2B56D7DC00C9880B /* Assets.xcassets in Resources */ = {isa = PBXBuildFile; fileRef = 0028E4792B56D7DC00C9880B /* Assets.xcassets */; };
		0028E47D2B56D7DC00C9880B /* Preview Assets.xcassets in Resources */ = {isa = PBXBuildFile; fileRef = 0028E47C2B56D7DC00C9880B /* Preview Assets.xcassets */; };
		0028E4862B56DAF200C9880B /* BoardView.swift in Sources */ = {isa = PBXBuildFile; fileRef = 0028E4852B56DAF200C9880B /* BoardView.swift */; };
		0028E48D2B56DBB600C9880B /* SquareModel.swift in Sources */ = {isa = PBXBuildFile; fileRef = 0028E48C2B56DBB600C9880B /* SquareModel.swift */; };
		0028E48F2B56E5B400C9880B /* SquareView.swift in Sources */ = {isa = PBXBuildFile; fileRef = 0028E48E2B56E5B400C9880B /* SquareView.swift */; };
		0028E4912B56E97900C9880B /* BoardModel.swift in Sources */ = {isa = PBXBuildFile; fileRef = 0028E4902B56E97900C9880B /* BoardModel.swift */; };
		00B0835B2B59BD6900606F2D /* SelectionModel.swift in Sources */ = {isa = PBXBuildFile; fileRef = 00B0835A2B59BD6900606F2D /* SelectionModel.swift */; };
		00D64A542B5B3F790083D554 /* ChessModel.swift in Sources */ = {isa = PBXBuildFile; fileRef = 00D64A532B5B3F790083D554 /* ChessModel.swift */; };
		00EF58C82B583887009DFB86 /* Pawn.swift in Sources */ = {isa = PBXBuildFile; fileRef = 00EF58C72B583887009DFB86 /* Pawn.swift */; };
		00EF58CA2B583891009DFB86 /* Rook.swift in Sources */ = {isa = PBXBuildFile; fileRef = 00EF58C92B583891009DFB86 /* Rook.swift */; };
		00EF58CC2B583897009DFB86 /* Knight.swift in Sources */ = {isa = PBXBuildFile; fileRef = 00EF58CB2B583897009DFB86 /* Knight.swift */; };
		00EF58CE2B58389E009DFB86 /* Bishop.swift in Sources */ = {isa = PBXBuildFile; fileRef = 00EF58CD2B58389E009DFB86 /* Bishop.swift */; };
		00EF58D02B5838A6009DFB86 /* Queen.swift in Sources */ = {isa = PBXBuildFile; fileRef = 00EF58CF2B5838A6009DFB86 /* Queen.swift */; };
		00EF58D22B5838AC009DFB86 /* King.swift in Sources */ = {isa = PBXBuildFile; fileRef = 00EF58D12B5838AC009DFB86 /* King.swift */; };
		00EF58D42B583A16009DFB86 /* ChessPiece.swift in Sources */ = {isa = PBXBuildFile; fileRef = 00EF58D32B583A16009DFB86 /* ChessPiece.swift */; };
/* End PBXBuildFile section */

/* Begin PBXFileReference section */
		0010B0762B5A15DD0006A406 /* ChessListView.swift */ = {isa = PBXFileReference; lastKnownFileType = sourcecode.swift; path = ChessListView.swift; sourceTree = "<group>"; };
		0010B0782B5A16350006A406 /* ViewModel.swift */ = {isa = PBXFileReference; lastKnownFileType = sourcecode.swift; path = ViewModel.swift; sourceTree = "<group>"; };
		0028E46A2B56D7DA00C9880B /* Chess.app */ = {isa = PBXFileReference; explicitFileType = wrapper.application; includeInIndex = 0; path = Chess.app; sourceTree = BUILT_PRODUCTS_DIR; };
		0028E46E2B56D7DA00C9880B /* RealityKitContent */ = {isa = PBXFileReference; lastKnownFileType = wrapper; path = RealityKitContent; sourceTree = "<group>"; };
		0028E4712B56D7DA00C9880B /* ChessApp.swift */ = {isa = PBXFileReference; lastKnownFileType = sourcecode.swift; path = ChessApp.swift; sourceTree = "<group>"; };
		0028E4732B56D7DA00C9880B /* ChessPlayerView.swift */ = {isa = PBXFileReference; lastKnownFileType = sourcecode.swift; path = ChessPlayerView.swift; sourceTree = "<group>"; };
		0028E4752B56D7DA00C9880B /* ImmersiveView.swift */ = {isa = PBXFileReference; lastKnownFileType = sourcecode.swift; path = ImmersiveView.swift; sourceTree = "<group>"; };
		0028E4772B56D7DA00C9880B /* ImageBasedLighting.skybox */ = {isa = PBXFileReference; lastKnownFileType = file.skybox; path = ImageBasedLighting.skybox; sourceTree = "<group>"; };
		0028E4792B56D7DC00C9880B /* Assets.xcassets */ = {isa = PBXFileReference; lastKnownFileType = folder.assetcatalog; path = Assets.xcassets; sourceTree = "<group>"; };
		0028E47C2B56D7DC00C9880B /* Preview Assets.xcassets */ = {isa = PBXFileReference; lastKnownFileType = folder.assetcatalog; path = "Preview Assets.xcassets"; sourceTree = "<group>"; };
		0028E47E2B56D7DC00C9880B /* Info.plist */ = {isa = PBXFileReference; lastKnownFileType = text.plist.xml; path = Info.plist; sourceTree = "<group>"; };
		0028E4852B56DAF200C9880B /* BoardView.swift */ = {isa = PBXFileReference; lastKnownFileType = sourcecode.swift; path = BoardView.swift; sourceTree = "<group>"; };
		0028E48C2B56DBB600C9880B /* SquareModel.swift */ = {isa = PBXFileReference; lastKnownFileType = sourcecode.swift; path = SquareModel.swift; sourceTree = "<group>"; };
		0028E48E2B56E5B400C9880B /* SquareView.swift */ = {isa = PBXFileReference; lastKnownFileType = sourcecode.swift; path = SquareView.swift; sourceTree = "<group>"; };
		0028E4902B56E97900C9880B /* BoardModel.swift */ = {isa = PBXFileReference; lastKnownFileType = sourcecode.swift; path = BoardModel.swift; sourceTree = "<group>"; };
		00B0835A2B59BD6900606F2D /* SelectionModel.swift */ = {isa = PBXFileReference; lastKnownFileType = sourcecode.swift; path = SelectionModel.swift; sourceTree = "<group>"; };
		00D64A532B5B3F790083D554 /* ChessModel.swift */ = {isa = PBXFileReference; lastKnownFileType = sourcecode.swift; path = ChessModel.swift; sourceTree = "<group>"; };
		00EF58C72B583887009DFB86 /* Pawn.swift */ = {isa = PBXFileReference; lastKnownFileType = sourcecode.swift; path = Pawn.swift; sourceTree = "<group>"; };
		00EF58C92B583891009DFB86 /* Rook.swift */ = {isa = PBXFileReference; lastKnownFileType = sourcecode.swift; path = Rook.swift; sourceTree = "<group>"; };
		00EF58CB2B583897009DFB86 /* Knight.swift */ = {isa = PBXFileReference; lastKnownFileType = sourcecode.swift; path = Knight.swift; sourceTree = "<group>"; };
		00EF58CD2B58389E009DFB86 /* Bishop.swift */ = {isa = PBXFileReference; lastKnownFileType = sourcecode.swift; path = Bishop.swift; sourceTree = "<group>"; };
		00EF58CF2B5838A6009DFB86 /* Queen.swift */ = {isa = PBXFileReference; lastKnownFileType = sourcecode.swift; path = Queen.swift; sourceTree = "<group>"; };
		00EF58D12B5838AC009DFB86 /* King.swift */ = {isa = PBXFileReference; lastKnownFileType = sourcecode.swift; path = King.swift; sourceTree = "<group>"; };
		00EF58D32B583A16009DFB86 /* ChessPiece.swift */ = {isa = PBXFileReference; lastKnownFileType = sourcecode.swift; path = ChessPiece.swift; sourceTree = "<group>"; };
/* End PBXFileReference section */

/* Begin PBXFrameworksBuildPhase section */
		0028E4672B56D7DA00C9880B /* Frameworks */ = {
			isa = PBXFrameworksBuildPhase;
			buildActionMask = 2147483647;
			files = (
				0028E4702B56D7DA00C9880B /* RealityKitContent in Frameworks */,
			);
			runOnlyForDeploymentPostprocessing = 0;
		};
/* End PBXFrameworksBuildPhase section */

/* Begin PBXGroup section */
		0010B0752B5A14AA0006A406 /* Views */ = {
			isa = PBXGroup;
			children = (
				0028E4732B56D7DA00C9880B /* ChessPlayerView.swift */,
				0028E4752B56D7DA00C9880B /* ImmersiveView.swift */,
				0010B0762B5A15DD0006A406 /* ChessListView.swift */,
			);
			path = Views;
			sourceTree = "<group>";
		};
		0028E4612B56D7DA00C9880B = {
			isa = PBXGroup;
			children = (
				0028E46C2B56D7DA00C9880B /* Chess */,
				0028E46D2B56D7DA00C9880B /* Packages */,
				0028E46B2B56D7DA00C9880B /* Products */,
			);
			sourceTree = "<group>";
		};
		0028E46B2B56D7DA00C9880B /* Products */ = {
			isa = PBXGroup;
			children = (
				0028E46A2B56D7DA00C9880B /* Chess.app */,
			);
			name = Products;
			sourceTree = "<group>";
		};
		0028E46C2B56D7DA00C9880B /* Chess */ = {
			isa = PBXGroup;
			children = (
				0010B0752B5A14AA0006A406 /* Views */,
				00EF58C62B583870009DFB86 /* ChessPieces */,
				0028E48B2B56DBA900C9880B /* Models */,
				0028E4842B56DADD00C9880B /* Modules */,
				0028E4712B56D7DA00C9880B /* ChessApp.swift */,
				0028E4772B56D7DA00C9880B /* ImageBasedLighting.skybox */,
				0028E4792B56D7DC00C9880B /* Assets.xcassets */,
				0028E47E2B56D7DC00C9880B /* Info.plist */,
				0028E47B2B56D7DC00C9880B /* Preview Content */,
				0010B0782B5A16350006A406 /* ViewModel.swift */,
			);
			path = Chess;
			sourceTree = "<group>";
		};
		0028E46D2B56D7DA00C9880B /* Packages */ = {
			isa = PBXGroup;
			children = (
				0028E46E2B56D7DA00C9880B /* RealityKitContent */,
			);
			path = Packages;
			sourceTree = "<group>";
		};
		0028E47B2B56D7DC00C9880B /* Preview Content */ = {
			isa = PBXGroup;
			children = (
				0028E47C2B56D7DC00C9880B /* Preview Assets.xcassets */,
			);
			path = "Preview Content";
			sourceTree = "<group>";
		};
		0028E4842B56DADD00C9880B /* Modules */ = {
			isa = PBXGroup;
			children = (
				0028E4852B56DAF200C9880B /* BoardView.swift */,
				0028E48E2B56E5B400C9880B /* SquareView.swift */,
			);
			path = Modules;
			sourceTree = "<group>";
		};
		0028E48B2B56DBA900C9880B /* Models */ = {
			isa = PBXGroup;
			children = (
				0028E48C2B56DBB600C9880B /* SquareModel.swift */,
				0028E4902B56E97900C9880B /* BoardModel.swift */,
				00B0835A2B59BD6900606F2D /* SelectionModel.swift */,
				00D64A532B5B3F790083D554 /* ChessModel.swift */,
			);
			path = Models;
			sourceTree = "<group>";
		};
		00EF58C62B583870009DFB86 /* ChessPieces */ = {
			isa = PBXGroup;
			children = (
				00EF58C72B583887009DFB86 /* Pawn.swift */,
				00EF58C92B583891009DFB86 /* Rook.swift */,
				00EF58CB2B583897009DFB86 /* Knight.swift */,
				00EF58CD2B58389E009DFB86 /* Bishop.swift */,
				00EF58CF2B5838A6009DFB86 /* Queen.swift */,
				00EF58D12B5838AC009DFB86 /* King.swift */,
				00EF58D32B583A16009DFB86 /* ChessPiece.swift */,
			);
			path = ChessPieces;
			sourceTree = "<group>";
		};
/* End PBXGroup section */

/* Begin PBXNativeTarget section */
		0028E4692B56D7DA00C9880B /* Chess */ = {
			isa = PBXNativeTarget;
			buildConfigurationList = 0028E4812B56D7DC00C9880B /* Build configuration list for PBXNativeTarget "Chess" */;
			buildPhases = (
				0028E4662B56D7DA00C9880B /* Sources */,
				0028E4672B56D7DA00C9880B /* Frameworks */,
				0028E4682B56D7DA00C9880B /* Resources */,
			);
			buildRules = (
			);
			dependencies = (
			);
			name = Chess;
			packageProductDependencies = (
				0028E46F2B56D7DA00C9880B /* RealityKitContent */,
			);
			productName = Chess;
			productReference = 0028E46A2B56D7DA00C9880B /* Chess.app */;
			productType = "com.apple.product-type.application";
		};
/* End PBXNativeTarget section */

/* Begin PBXProject section */
		0028E4622B56D7DA00C9880B /* Project object */ = {
			isa = PBXProject;
			attributes = {
				BuildIndependentTargetsInParallel = 1;
				LastSwiftUpdateCheck = 1520;
				LastUpgradeCheck = 1520;
				TargetAttributes = {
					0028E4692B56D7DA00C9880B = {
						CreatedOnToolsVersion = 15.2;
					};
				};
			};
			buildConfigurationList = 0028E4652B56D7DA00C9880B /* Build configuration list for PBXProject "Chess" */;
			compatibilityVersion = "Xcode 14.0";
			developmentRegion = en;
			hasScannedForEncodings = 0;
			knownRegions = (
				en,
				Base,
			);
			mainGroup = 0028E4612B56D7DA00C9880B;
			productRefGroup = 0028E46B2B56D7DA00C9880B /* Products */;
			projectDirPath = "";
			projectRoot = "";
			targets = (
				0028E4692B56D7DA00C9880B /* Chess */,
			);
		};
/* End PBXProject section */

/* Begin PBXResourcesBuildPhase section */
		0028E4682B56D7DA00C9880B /* Resources */ = {
			isa = PBXResourcesBuildPhase;
			buildActionMask = 2147483647;
			files = (
				0028E47A2B56D7DC00C9880B /* Assets.xcassets in Resources */,
				0028E47D2B56D7DC00C9880B /* Preview Assets.xcassets in Resources */,
				0028E4782B56D7DA00C9880B /* ImageBasedLighting.skybox in Resources */,
			);
			runOnlyForDeploymentPostprocessing = 0;
		};
/* End PBXResourcesBuildPhase section */

/* Begin PBXSourcesBuildPhase section */
		0028E4662B56D7DA00C9880B /* Sources */ = {
			isa = PBXSourcesBuildPhase;
			buildActionMask = 2147483647;
			files = (
				0010B0772B5A15DD0006A406 /* ChessListView.swift in Sources */,
				00EF58D02B5838A6009DFB86 /* Queen.swift in Sources */,
				00B0835B2B59BD6900606F2D /* SelectionModel.swift in Sources */,
				0028E48F2B56E5B400C9880B /* SquareView.swift in Sources */,
				00D64A542B5B3F790083D554 /* ChessModel.swift in Sources */,
				0028E4912B56E97900C9880B /* BoardModel.swift in Sources */,
				0028E48D2B56DBB600C9880B /* SquareModel.swift in Sources */,
				0010B0792B5A16350006A406 /* ViewModel.swift in Sources */,
				00EF58CE2B58389E009DFB86 /* Bishop.swift in Sources */,
				00EF58C82B583887009DFB86 /* Pawn.swift in Sources */,
				00EF58CC2B583897009DFB86 /* Knight.swift in Sources */,
				00EF58D42B583A16009DFB86 /* ChessPiece.swift in Sources */,
				0028E4742B56D7DA00C9880B /* ChessPlayerView.swift in Sources */,
				00EF58CA2B583891009DFB86 /* Rook.swift in Sources */,
				0028E4722B56D7DA00C9880B /* ChessApp.swift in Sources */,
				0028E4862B56DAF200C9880B /* BoardView.swift in Sources */,
				00EF58D22B5838AC009DFB86 /* King.swift in Sources */,
				0028E4762B56D7DA00C9880B /* ImmersiveView.swift in Sources */,
			);
			runOnlyForDeploymentPostprocessing = 0;
		};
/* End PBXSourcesBuildPhase section */

/* Begin XCBuildConfiguration section */
		0028E47F2B56D7DC00C9880B /* Debug */ = {
			isa = XCBuildConfiguration;
			buildSettings = {
				ALWAYS_SEARCH_USER_PATHS = NO;
				ASSETCATALOG_COMPILER_GENERATE_SWIFT_ASSET_SYMBOL_EXTENSIONS = YES;
				CLANG_ANALYZER_NONNULL = YES;
				CLANG_ANALYZER_NUMBER_OBJECT_CONVERSION = YES_AGGRESSIVE;
				CLANG_CXX_LANGUAGE_STANDARD = "gnu++20";
				CLANG_ENABLE_MODULES = YES;
				CLANG_ENABLE_OBJC_ARC = YES;
				CLANG_ENABLE_OBJC_WEAK = YES;
				CLANG_WARN_BLOCK_CAPTURE_AUTORELEASING = YES;
				CLANG_WARN_BOOL_CONVERSION = YES;
				CLANG_WARN_COMMA = YES;
				CLANG_WARN_CONSTANT_CONVERSION = YES;
				CLANG_WARN_DEPRECATED_OBJC_IMPLEMENTATIONS = YES;
				CLANG_WARN_DIRECT_OBJC_ISA_USAGE = YES_ERROR;
				CLANG_WARN_DOCUMENTATION_COMMENTS = YES;
				CLANG_WARN_EMPTY_BODY = YES;
				CLANG_WARN_ENUM_CONVERSION = YES;
				CLANG_WARN_INFINITE_RECURSION = YES;
				CLANG_WARN_INT_CONVERSION = YES;
				CLANG_WARN_NON_LITERAL_NULL_CONVERSION = YES;
				CLANG_WARN_OBJC_IMPLICIT_RETAIN_SELF = YES;
				CLANG_WARN_OBJC_LITERAL_CONVERSION = YES;
				CLANG_WARN_OBJC_ROOT_CLASS = YES_ERROR;
				CLANG_WARN_QUOTED_INCLUDE_IN_FRAMEWORK_HEADER = YES;
				CLANG_WARN_RANGE_LOOP_ANALYSIS = YES;
				CLANG_WARN_STRICT_PROTOTYPES = YES;
				CLANG_WARN_SUSPICIOUS_MOVE = YES;
				CLANG_WARN_UNGUARDED_AVAILABILITY = YES_AGGRESSIVE;
				CLANG_WARN_UNREACHABLE_CODE = YES;
				CLANG_WARN__DUPLICATE_METHOD_MATCH = YES;
				COPY_PHASE_STRIP = NO;
				DEBUG_INFORMATION_FORMAT = dwarf;
				ENABLE_STRICT_OBJC_MSGSEND = YES;
				ENABLE_TESTABILITY = YES;
				ENABLE_USER_SCRIPT_SANDBOXING = YES;
				GCC_C_LANGUAGE_STANDARD = gnu17;
				GCC_DYNAMIC_NO_PIC = NO;
				GCC_NO_COMMON_BLOCKS = YES;
				GCC_OPTIMIZATION_LEVEL = 0;
				GCC_PREPROCESSOR_DEFINITIONS = (
					"DEBUG=1",
					"$(inherited)",
				);
				GCC_WARN_64_TO_32_BIT_CONVERSION = YES;
				GCC_WARN_ABOUT_RETURN_TYPE = YES_ERROR;
				GCC_WARN_UNDECLARED_SELECTOR = YES;
				GCC_WARN_UNINITIALIZED_AUTOS = YES_AGGRESSIVE;
				GCC_WARN_UNUSED_FUNCTION = YES;
				GCC_WARN_UNUSED_VARIABLE = YES;
				LOCALIZATION_PREFERS_STRING_CATALOGS = YES;
				MTL_ENABLE_DEBUG_INFO = INCLUDE_SOURCE;
				MTL_FAST_MATH = YES;
				ONLY_ACTIVE_ARCH = YES;
				SDKROOT = xros;
				SWIFT_ACTIVE_COMPILATION_CONDITIONS = "DEBUG $(inherited)";
				SWIFT_OPTIMIZATION_LEVEL = "-Onone";
				XROS_DEPLOYMENT_TARGET = 1.0;
			};
			name = Debug;
		};
		0028E4802B56D7DC00C9880B /* Release */ = {
			isa = XCBuildConfiguration;
			buildSettings = {
				ALWAYS_SEARCH_USER_PATHS = NO;
				ASSETCATALOG_COMPILER_GENERATE_SWIFT_ASSET_SYMBOL_EXTENSIONS = YES;
				CLANG_ANALYZER_NONNULL = YES;
				CLANG_ANALYZER_NUMBER_OBJECT_CONVERSION = YES_AGGRESSIVE;
				CLANG_CXX_LANGUAGE_STANDARD = "gnu++20";
				CLANG_ENABLE_MODULES = YES;
				CLANG_ENABLE_OBJC_ARC = YES;
				CLANG_ENABLE_OBJC_WEAK = YES;
				CLANG_WARN_BLOCK_CAPTURE_AUTORELEASING = YES;
				CLANG_WARN_BOOL_CONVERSION = YES;
				CLANG_WARN_COMMA = YES;
				CLANG_WARN_CONSTANT_CONVERSION = YES;
				CLANG_WARN_DEPRECATED_OBJC_IMPLEMENTATIONS = YES;
				CLANG_WARN_DIRECT_OBJC_ISA_USAGE = YES_ERROR;
				CLANG_WARN_DOCUMENTATION_COMMENTS = YES;
				CLANG_WARN_EMPTY_BODY = YES;
				CLANG_WARN_ENUM_CONVERSION = YES;
				CLANG_WARN_INFINITE_RECURSION = YES;
				CLANG_WARN_INT_CONVERSION = YES;
				CLANG_WARN_NON_LITERAL_NULL_CONVERSION = YES;
				CLANG_WARN_OBJC_IMPLICIT_RETAIN_SELF = YES;
				CLANG_WARN_OBJC_LITERAL_CONVERSION = YES;
				CLANG_WARN_OBJC_ROOT_CLASS = YES_ERROR;
				CLANG_WARN_QUOTED_INCLUDE_IN_FRAMEWORK_HEADER = YES;
				CLANG_WARN_RANGE_LOOP_ANALYSIS = YES;
				CLANG_WARN_STRICT_PROTOTYPES = YES;
				CLANG_WARN_SUSPICIOUS_MOVE = YES;
				CLANG_WARN_UNGUARDED_AVAILABILITY = YES_AGGRESSIVE;
				CLANG_WARN_UNREACHABLE_CODE = YES;
				CLANG_WARN__DUPLICATE_METHOD_MATCH = YES;
				COPY_PHASE_STRIP = NO;
				DEBUG_INFORMATION_FORMAT = "dwarf-with-dsym";
				ENABLE_NS_ASSERTIONS = NO;
				ENABLE_STRICT_OBJC_MSGSEND = YES;
				ENABLE_USER_SCRIPT_SANDBOXING = YES;
				GCC_C_LANGUAGE_STANDARD = gnu17;
				GCC_NO_COMMON_BLOCKS = YES;
				GCC_WARN_64_TO_32_BIT_CONVERSION = YES;
				GCC_WARN_ABOUT_RETURN_TYPE = YES_ERROR;
				GCC_WARN_UNDECLARED_SELECTOR = YES;
				GCC_WARN_UNINITIALIZED_AUTOS = YES_AGGRESSIVE;
				GCC_WARN_UNUSED_FUNCTION = YES;
				GCC_WARN_UNUSED_VARIABLE = YES;
				LOCALIZATION_PREFERS_STRING_CATALOGS = YES;
				MTL_ENABLE_DEBUG_INFO = NO;
				MTL_FAST_MATH = YES;
				SDKROOT = xros;
				SWIFT_COMPILATION_MODE = wholemodule;
				VALIDATE_PRODUCT = YES;
				XROS_DEPLOYMENT_TARGET = 1.0;
			};
			name = Release;
		};
		0028E4822B56D7DC00C9880B /* Debug */ = {
			isa = XCBuildConfiguration;
			buildSettings = {
				ASSETCATALOG_COMPILER_APPICON_NAME = AppIcon;
				ASSETCATALOG_COMPILER_GLOBAL_ACCENT_COLOR_NAME = AccentColor;
				CODE_SIGN_STYLE = Automatic;
				CURRENT_PROJECT_VERSION = 1;
				DEVELOPMENT_ASSET_PATHS = "\"Chess/Preview Content\"";
				DEVELOPMENT_TEAM = 67932TNDDX;
				ENABLE_PREVIEWS = YES;
				GENERATE_INFOPLIST_FILE = YES;
				INFOPLIST_FILE = "$(TARGET_NAME)/Info.plist";
				LD_RUNPATH_SEARCH_PATHS = (
					"$(inherited)",
					"@executable_path/Frameworks",
				);
				MARKETING_VERSION = 1.0;
				PRODUCT_BUNDLE_IDENTIFIER = com.gabeweinbrenner.Chess;
				PRODUCT_NAME = "$(TARGET_NAME)";
				SUPPORTED_PLATFORMS = "xros xrsimulator";
				SWIFT_EMIT_LOC_STRINGS = YES;
				SWIFT_VERSION = 5.0;
				TARGETED_DEVICE_FAMILY = "1,2,7";
			};
			name = Debug;
		};
		0028E4832B56D7DC00C9880B /* Release */ = {
			isa = XCBuildConfiguration;
			buildSettings = {
				ASSETCATALOG_COMPILER_APPICON_NAME = AppIcon;
				ASSETCATALOG_COMPILER_GLOBAL_ACCENT_COLOR_NAME = AccentColor;
				CODE_SIGN_STYLE = Automatic;
				CURRENT_PROJECT_VERSION = 1;
				DEVELOPMENT_ASSET_PATHS = "\"Chess/Preview Content\"";
				DEVELOPMENT_TEAM = 67932TNDDX;
				ENABLE_PREVIEWS = YES;
				GENERATE_INFOPLIST_FILE = YES;
				INFOPLIST_FILE = "$(TARGET_NAME)/Info.plist";
				LD_RUNPATH_SEARCH_PATHS = (
					"$(inherited)",
					"@executable_path/Frameworks",
				);
				MARKETING_VERSION = 1.0;
				PRODUCT_BUNDLE_IDENTIFIER = com.gabeweinbrenner.Chess;
				PRODUCT_NAME = "$(TARGET_NAME)";
				SUPPORTED_PLATFORMS = "xros xrsimulator";
				SWIFT_EMIT_LOC_STRINGS = YES;
				SWIFT_VERSION = 5.0;
				TARGETED_DEVICE_FAMILY = "1,2,7";
			};
			name = Release;
		};
/* End XCBuildConfiguration section */

/* Begin XCConfigurationList section */
		0028E4652B56D7DA00C9880B /* Build configuration list for PBXProject "Chess" */ = {
			isa = XCConfigurationList;
			buildConfigurations = (
				0028E47F2B56D7DC00C9880B /* Debug */,
				0028E4802B56D7DC00C9880B /* Release */,
			);
			defaultConfigurationIsVisible = 0;
			defaultConfigurationName = Release;
		};
		0028E4812B56D7DC00C9880B /* Build configuration list for PBXNativeTarget "Chess" */ = {
			isa = XCConfigurationList;
			buildConfigurations = (
				0028E4822B56D7DC00C9880B /* Debug */,
				0028E4832B56D7DC00C9880B /* Release */,
			);
			defaultConfigurationIsVisible = 0;
			defaultConfigurationName = Release;
		};
/* End XCConfigurationList section */

/* Begin XCSwiftPackageProductDependency section */
		0028E46F2B56D7DA00C9880B /* RealityKitContent */ = {
			isa = XCSwiftPackageProductDependency;
			productName = RealityKitContent;
		};
/* End XCSwiftPackageProductDependency section */
	};
	rootObject = 0028E4622B56D7DA00C9880B /* Project object */;
}
